
Microsoft Visual Studio Solution File, Format Version 12.00
# Visual Studio Version 17
VisualStudioVersion = 17.2.32630.192
MinimumVisualStudioVersion = 10.0.40219.1
Project("{FAE04EC0-301F-11D3-BF4B-00C04F79EFBC}") = "WPF.Drawing.Demo", "WPF.Drawing.Demo\WPF.Drawing.Demo.csproj", "{07FC83B0-A7F5-4A5C-ADED-4686FD06D481}"
EndProject
Project("{FAE04EC0-301F-11D3-BF4B-00C04F79EFBC}") = "WPF.Drawing.UI", "WPF.Drawing.UI\WPF.Drawing.UI.csproj", "{4ED1FA1C-0A5B-4A0E-BCC0-587F0C4B841D}"
EndProject
Global
	GlobalSection(SolutionConfigurationPlatforms) = preSolution
		Debug|Any CPU = Debug|Any CPU
		Release|Any CPU = Release|Any CPU
	EndGlobalSection
	GlobalSection(ProjectConfigurationPlatforms) = postSolution
		{07FC83B0-A7F5-4A5C-ADED-4686FD06D481}.Debug|Any CPU.ActiveCfg = Debug|Any CPU
		{07FC83B0-A7F5-4A5C-ADED-4686FD06D481}.Debug|Any CPU.Build.0 = Debug|Any CPU
		{07FC83B0-A7F5-4A5C-ADED-4686FD06D481}.Release|Any CPU.ActiveCfg = Release|Any CPU
		{07FC83B0-A7F5-4A5C-ADED-4686FD06D481}.Release|Any CPU.Build.0 = Release|Any CPU
		{4ED1FA1C-0A5B-4A0E-BCC0-587F0C4B841D}.Debug|Any CPU.ActiveCfg = Debug|Any CPU
		{4ED1FA1C-0A5B-4A0E-BCC0-587F0C4B841D}.Debug|Any CPU.Build.0 = Debug|Any CPU
		{4ED1FA1C-0A5B-4A0E-BCC0-587F0C4B841D}.Release|Any CPU.ActiveCfg = Release|Any CPU
		{4ED1FA1C-0A5B-4A0E-BCC0-587F0C4B841D}.Release|Any CPU.Build.0 = Release|Any CPU
	EndGlobalSection
	GlobalSection(SolutionProperties) = preSolution
		HideSolutionNode = FALSE
	EndGlobalSection
	GlobalSection(ExtensibilityGlobals) = postSolution
		SolutionGuid = {3813B82B-4C15-41AB-9C35-93C3571D219F}
	EndGlobalSection
EndGlobal
